// !$*UTF8*$!
{
	archiveVersion = 1;
	classes = {
	};
	objectVersion = 50;
	objects = {

/* Begin PBXBuildFile section */
		014B96BD25CC556800405200 /* BreadBoardApp.swift in Sources */ = {isa = PBXBuildFile; fileRef = 014B96BC25CC556800405200 /* BreadBoardApp.swift */; };
		014B96BF25CC556800405200 /* ContentView.swift in Sources */ = {isa = PBXBuildFile; fileRef = 014B96BE25CC556800405200 /* ContentView.swift */; };
		014B96C125CC556C00405200 /* Assets.xcassets in Resources */ = {isa = PBXBuildFile; fileRef = 014B96C025CC556C00405200 /* Assets.xcassets */; };
		014B96C425CC556C00405200 /* Preview Assets.xcassets in Resources */ = {isa = PBXBuildFile; fileRef = 014B96C325CC556C00405200 /* Preview Assets.xcassets */; };
		014B96C625CC556C00405200 /* Persistence.swift in Sources */ = {isa = PBXBuildFile; fileRef = 014B96C525CC556C00405200 /* Persistence.swift */; };
		014B96C925CC556C00405200 /* BreadBoard.xcdatamodeld in Sources */ = {isa = PBXBuildFile; fileRef = 014B96C725CC556C00405200 /* BreadBoard.xcdatamodeld */; };
/* End PBXBuildFile section */

/* Begin PBXFileReference section */
		014B96B925CC556800405200 /* BreadBoard.app */ = {isa = PBXFileReference; explicitFileType = wrapper.application; includeInIndex = 0; path = BreadBoard.app; sourceTree = BUILT_PRODUCTS_DIR; };
		014B96BC25CC556800405200 /* BreadBoardApp.swift */ = {isa = PBXFileReference; lastKnownFileType = sourcecode.swift; path = BreadBoardApp.swift; sourceTree = "<group>"; };
		014B96BE25CC556800405200 /* ContentView.swift */ = {isa = PBXFileReference; lastKnownFileType = sourcecode.swift; path = ContentView.swift; sourceTree = "<group>"; };
		014B96C025CC556C00405200 /* Assets.xcassets */ = {isa = PBXFileReference; lastKnownFileType = folder.assetcatalog; path = Assets.xcassets; sourceTree = "<group>"; };
		014B96C325CC556C00405200 /* Preview Assets.xcassets */ = {isa = PBXFileReference; lastKnownFileType = folder.assetcatalog; path = "Preview Assets.xcassets"; sourceTree = "<group>"; };
		014B96C525CC556C00405200 /* Persistence.swift */ = {isa = PBXFileReference; lastKnownFileType = sourcecode.swift; path = Persistence.swift; sourceTree = "<group>"; };
		014B96C825CC556C00405200 /* BreadBoard.xcdatamodel */ = {isa = PBXFileReference; lastKnownFileType = wrapper.xcdatamodel; path = BreadBoard.xcdatamodel; sourceTree = "<group>"; };
		014B96CA25CC556C00405200 /* Info.plist */ = {isa = PBXFileReference; lastKnownFileType = text.plist.xml; path = Info.plist; sourceTree = "<group>"; };
/* End PBXFileReference section */

/* Begin PBXFrameworksBuildPhase section */
		014B96B625CC556800405200 /* Frameworks */ = {
			isa = PBXFrameworksBuildPhase;
			buildActionMask = 2147483647;
			files = (
			);
			runOnlyForDeploymentPostprocessing = 0;
		};
/* End PBXFrameworksBuildPhase section */

/* Begin PBXGroup section */
		014B96B025CC556800405200 = {
			isa = PBXGroup;
			children = (
				014B96BB25CC556800405200 /* BreadBoard */,
				014B96BA25CC556800405200 /* Products */,
			);
			sourceTree = "<group>";
		};
		014B96BA25CC556800405200 /* Products */ = {
			isa = PBXGroup;
			children = (
				014B96B925CC556800405200 /* BreadBoard.app */,
			);
			name = Products;
			sourceTree = "<group>";
		};
		014B96BB25CC556800405200 /* BreadBoard */ = {
			isa = PBXGroup;
			children = (
				014B96BC25CC556800405200 /* BreadBoardApp.swift */,
				014B96BE25CC556800405200 /* ContentView.swift */,
				014B96C025CC556C00405200 /* Assets.xcassets */,
				014B96C525CC556C00405200 /* Persistence.swift */,
				014B96CA25CC556C00405200 /* Info.plist */,
				014B96C725CC556C00405200 /* BreadBoard.xcdatamodeld */,
				014B96C225CC556C00405200 /* Preview Content */,
			);
			path = BreadBoard;
			sourceTree = "<group>";
		};
		014B96C225CC556C00405200 /* Preview Content */ = {
			isa = PBXGroup;
			children = (
				014B96C325CC556C00405200 /* Preview Assets.xcassets */,
			);
			path = "Preview Content";
			sourceTree = "<group>";
		};
/* End PBXGroup section */

/* Begin PBXNativeTarget section */
		014B96B825CC556800405200 /* BreadBoard */ = {
			isa = PBXNativeTarget;
			buildConfigurationList = 014B96CD25CC556C00405200 /* Build configuration list for PBXNativeTarget "BreadBoard" */;
			buildPhases = (
				014B96B525CC556800405200 /* Sources */,
				014B96B625CC556800405200 /* Frameworks */,
				014B96B725CC556800405200 /* Resources */,
			);
			buildRules = (
			);
			dependencies = (
			);
			name = BreadBoard;
			productName = BreadBoard;
			productReference = 014B96B925CC556800405200 /* BreadBoard.app */;
			productType = "com.apple.product-type.application";
		};
/* End PBXNativeTarget section */

/* Begin PBXProject section */
		014B96B125CC556800405200 /* Project object */ = {
			isa = PBXProject;
			attributes = {
				LastSwiftUpdateCheck = 1240;
				LastUpgradeCheck = 1240;
				TargetAttributes = {
					014B96B825CC556800405200 = {
						CreatedOnToolsVersion = 12.4;
					};
				};
			};
			buildConfigurationList = 014B96B425CC556800405200 /* Build configuration list for PBXProject "BreadBoard" */;
			compatibilityVersion = "Xcode 9.3";
			developmentRegion = en;
			hasScannedForEncodings = 0;
			knownRegions = (
				en,
				Base,
			);
			mainGroup = 014B96B025CC556800405200;
			productRefGroup = 014B96BA25CC556800405200 /* Products */;
			projectDirPath = "";
			projectRoot = "";
			targets = (
				014B96B825CC556800405200 /* BreadBoard */,
			);
		};
/* End PBXProject section */

/* Begin PBXResourcesBuildPhase section */
		014B96B725CC556800405200 /* Resources */ = {
			isa = PBXResourcesBuildPhase;
			buildActionMask = 2147483647;
			files = (
				014B96C425CC556C00405200 /* Preview Assets.xcassets in Resources */,
				014B96C125CC556C00405200 /* Assets.xcassets in Resources */,
			);
			runOnlyForDeploymentPostprocessing = 0;
		};
/* End PBXResourcesBuildPhase section */

/* Begin PBXSourcesBuildPhase section */
		014B96B525CC556800405200 /* Sources */ = {
			isa = PBXSourcesBuildPhase;
			buildActionMask = 2147483647;
			files = (
				014B96C625CC556C00405200 /* Persistence.swift in Sources */,
				014B96C925CC556C00405200 /* BreadBoard.xcdatamodeld in Sources */,
				014B96BF25CC556800405200 /* ContentView.swift in Sources */,
				014B96BD25CC556800405200 /* BreadBoardApp.swift in Sources */,
			);
			runOnlyForDeploymentPostprocessing = 0;
		};
/* End PBXSourcesBuildPhase section */

/* Begin XCBuildConfiguration section */
		014B96CB25CC556C00405200 /* Debug */ = {
			isa = XCBuildConfiguration;
			buildSettings = {
				ALWAYS_SEARCH_USER_PATHS = NO;
				CLANG_ANALYZER_NONNULL = YES;
				CLANG_ANALYZER_NUMBER_OBJECT_CONVERSION = YES_AGGRESSIVE;
				CLANG_CXX_LANGUAGE_STANDARD = "gnu++14";
				CLANG_CXX_LIBRARY = "libc++";
				CLANG_ENABLE_MODULES = YES;
				CLANG_ENABLE_OBJC_ARC = YES;
				CLANG_ENABLE_OBJC_WEAK = YES;
				CLANG_WARN_BLOCK_CAPTURE_AUTORELEASING = YES;
				CLANG_WARN_BOOL_CONVERSION = YES;
				CLANG_WARN_COMMA = YES;
				CLANG_WARN_CONSTANT_CONVERSION = YES;
				CLANG_WARN_DEPRECATED_OBJC_IMPLEMENTATIONS = YES;
				CLANG_WARN_DIRECT_OBJC_ISA_USAGE = YES_ERROR;
				CLANG_WARN_DOCUMENTATION_COMMENTS = YES;
				CLANG_WARN_EMPTY_BODY = YES;
				CLANG_WARN_ENUM_CONVERSION = YES;
				CLANG_WARN_INFINITE_RECURSION = YES;
				CLANG_WARN_INT_CONVERSION = YES;
				CLANG_WARN_NON_LITERAL_NULL_CONVERSION = YES;
				CLANG_WARN_OBJC_IMPLICIT_RETAIN_SELF = YES;
				CLANG_WARN_OBJC_LITERAL_CONVERSION = YES;
				CLANG_WARN_OBJC_ROOT_CLASS = YES_ERROR;
				CLANG_WARN_QUOTED_INCLUDE_IN_FRAMEWORK_HEADER = YES;
				CLANG_WARN_RANGE_LOOP_ANALYSIS = YES;
				CLANG_WARN_STRICT_PROTOTYPES = YES;
				CLANG_WARN_SUSPICIOUS_MOVE = YES;
				CLANG_WARN_UNGUARDED_AVAILABILITY = YES_AGGRESSIVE;
				CLANG_WARN_UNREACHABLE_CODE = YES;
				CLANG_WARN__DUPLICATE_METHOD_MATCH = YES;
				COPY_PHASE_STRIP = NO;
				DEBUG_INFORMATION_FORMAT = dwarf;
				ENABLE_STRICT_OBJC_MSGSEND = YES;
				ENABLE_TESTABILITY = YES;
				GCC_C_LANGUAGE_STANDARD = gnu11;
				GCC_DYNAMIC_NO_PIC = NO;
				GCC_NO_COMMON_BLOCKS = YES;
				GCC_OPTIMIZATION_LEVEL = 0;
				GCC_PREPROCESSOR_DEFINITIONS = (
					"DEBUG=1",
					"$(inherited)",
				);
				GCC_WARN_64_TO_32_BIT_CONVERSION = YES;
				GCC_WARN_ABOUT_RETURN_TYPE = YES_ERROR;
				GCC_WARN_UNDECLARED_SELECTOR = YES;
				GCC_WARN_UNINITIALIZED_AUTOS = YES_AGGRESSIVE;
				GCC_WARN_UNUSED_FUNCTION = YES;
				GCC_WARN_UNUSED_VARIABLE = YES;
				IPHONEOS_DEPLOYMENT_TARGET = 14.4;
				MTL_ENABLE_DEBUG_INFO = INCLUDE_SOURCE;
				MTL_FAST_MATH = YES;
				ONLY_ACTIVE_ARCH = YES;
				SDKROOT = iphoneos;
				SWIFT_ACTIVE_COMPILATION_CONDITIONS = DEBUG;
				SWIFT_OPTIMIZATION_LEVEL = "-Onone";
			};
			name = Debug;
		};
		014B96CC25CC556C00405200 /* Release */ = {
			isa = XCBuildConfiguration;
			buildSettings = {
				ALWAYS_SEARCH_USER_PATHS = NO;
				CLANG_ANALYZER_NONNULL = YES;
				CLANG_ANALYZER_NUMBER_OBJECT_CONVERSION = YES_AGGRESSIVE;
				CLANG_CXX_LANGUAGE_STANDARD = "gnu++14";
				CLANG_CXX_LIBRARY = "libc++";
				CLANG_ENABLE_MODULES = YES;
				CLANG_ENABLE_OBJC_ARC = YES;
				CLANG_ENABLE_OBJC_WEAK = YES;
				CLANG_WARN_BLOCK_CAPTURE_AUTORELEASING = YES;
				CLANG_WARN_BOOL_CONVERSION = YES;
				CLANG_WARN_COMMA = YES;
				CLANG_WARN_CONSTANT_CONVERSION = YES;
				CLANG_WARN_DEPRECATED_OBJC_IMPLEMENTATIONS = YES;
				CLANG_WARN_DIRECT_OBJC_ISA_USAGE = YES_ERROR;
				CLANG_WARN_DOCUMENTATION_COMMENTS = YES;
				CLANG_WARN_EMPTY_BODY = YES;
				CLANG_WARN_ENUM_CONVERSION = YES;
				CLANG_WARN_INFINITE_RECURSION = YES;
				CLANG_WARN_INT_CONVERSION = YES;
				CLANG_WARN_NON_LITERAL_NULL_CONVERSION = YES;
				CLANG_WARN_OBJC_IMPLICIT_RETAIN_SELF = YES;
				CLANG_WARN_OBJC_LITERAL_CONVERSION = YES;
				CLANG_WARN_OBJC_ROOT_CLASS = YES_ERROR;
				CLANG_WARN_QUOTED_INCLUDE_IN_FRAMEWORK_HEADER = YES;
				CLANG_WARN_RANGE_LOOP_ANALYSIS = YES;
				CLANG_WARN_STRICT_PROTOTYPES = YES;
				CLANG_WARN_SUSPICIOUS_MOVE = YES;
				CLANG_WARN_UNGUARDED_AVAILABILITY = YES_AGGRESSIVE;
				CLANG_WARN_UNREACHABLE_CODE = YES;
				CLANG_WARN__DUPLICATE_METHOD_MATCH = YES;
				COPY_PHASE_STRIP = NO;
				DEBUG_INFORMATION_FORMAT = "dwarf-with-dsym";
				ENABLE_NS_ASSERTIONS = NO;
				ENABLE_STRICT_OBJC_MSGSEND = YES;
				GCC_C_LANGUAGE_STANDARD = gnu11;
				GCC_NO_COMMON_BLOCKS = YES;
				GCC_WARN_64_TO_32_BIT_CONVERSION = YES;
				GCC_WARN_ABOUT_RETURN_TYPE = YES_ERROR;
				GCC_WARN_UNDECLARED_SELECTOR = YES;
				GCC_WARN_UNINITIALIZED_AUTOS = YES_AGGRESSIVE;
				GCC_WARN_UNUSED_FUNCTION = YES;
				GCC_WARN_UNUSED_VARIABLE = YES;
				IPHONEOS_DEPLOYMENT_TARGET = 14.4;
				MTL_ENABLE_DEBUG_INFO = NO;
				MTL_FAST_MATH = YES;
				SDKROOT = iphoneos;
				SWIFT_COMPILATION_MODE = wholemodule;
				SWIFT_OPTIMIZATION_LEVEL = "-O";
				VALIDATE_PRODUCT = YES;
			};
			name = Release;
		};
		014B96CE25CC556C00405200 /* Debug */ = {
			isa = XCBuildConfiguration;
			buildSettings = {
				ASSETCATALOG_COMPILER_APPICON_NAME = AppIcon;
				ASSETCATALOG_COMPILER_GLOBAL_ACCENT_COLOR_NAME = AccentColor;
				CODE_SIGN_STYLE = Automatic;
				DEVELOPMENT_ASSET_PATHS = "\"BreadBoard/Preview Content\"";
				DEVELOPMENT_TEAM = C2DCC2XTSE;
				ENABLE_PREVIEWS = YES;
				INFOPLIST_FILE = BreadBoard/Info.plist;
				IPHONEOS_DEPLOYMENT_TARGET = 14.0;
				LD_RUNPATH_SEARCH_PATHS = (
					"$(inherited)",
					"@executable_path/Frameworks",
				);
				PRODUCT_BUNDLE_IDENTIFIER = com.nicklous.BreadBoard;
				PRODUCT_NAME = "$(TARGET_NAME)";
				SWIFT_VERSION = 5.0;
				TARGETED_DEVICE_FAMILY = "1,2";
			};
			name = Debug;
		};
		014B96CF25CC556C00405200 /* Release */ = {
			isa = XCBuildConfiguration;
			buildSettings = {
				ASSETCATALOG_COMPILER_APPICON_NAME = AppIcon;
				ASSETCATALOG_COMPILER_GLOBAL_ACCENT_COLOR_NAME = AccentColor;
				CODE_SIGN_STYLE = Automatic;
				DEVELOPMENT_ASSET_PATHS = "\"BreadBoard/Preview Content\"";
				DEVELOPMENT_TEAM = C2DCC2XTSE;
				ENABLE_PREVIEWS = YES;
				INFOPLIST_FILE = BreadBoard/Info.plist;
				IPHONEOS_DEPLOYMENT_TARGET = 14.0;
				LD_RUNPATH_SEARCH_PATHS = (
					"$(inherited)",
					"@executable_path/Frameworks",
				);
				PRODUCT_BUNDLE_IDENTIFIER = com.nicklous.BreadBoard;
				PRODUCT_NAME = "$(TARGET_NAME)";
				SWIFT_VERSION = 5.0;
				TARGETED_DEVICE_FAMILY = "1,2";
			};
			name = Release;
		};
/* End XCBuildConfiguration section */

/* Begin XCConfigurationList section */
		014B96B425CC556800405200 /* Build configuration list for PBXProject "BreadBoard" */ = {
			isa = XCConfigurationList;
			buildConfigurations = (
				014B96CB25CC556C00405200 /* Debug */,
				014B96CC25CC556C00405200 /* Release */,
			);
			defaultConfigurationIsVisible = 0;
			defaultConfigurationName = Release;
		};
		014B96CD25CC556C00405200 /* Build configuration list for PBXNativeTarget "BreadBoard" */ = {
			isa = XCConfigurationList;
			buildConfigurations = (
				014B96CE25CC556C00405200 /* Debug */,
				014B96CF25CC556C00405200 /* Release */,
			);
			defaultConfigurationIsVisible = 0;
			defaultConfigurationName = Release;
		};
/* End XCConfigurationList section */

/* Begin XCVersionGroup section */
		014B96C725CC556C00405200 /* BreadBoard.xcdatamodeld */ = {
			isa = XCVersionGroup;
			children = (
				014B96C825CC556C00405200 /* BreadBoard.xcdatamodel */,
			);
			currentVersion = 014B96C825CC556C00405200 /* BreadBoard.xcdatamodel */;
			path = BreadBoard.xcdatamodeld;
			sourceTree = "<group>";
			versionGroupType = wrapper.xcdatamodel;
		};
/* End XCVersionGroup section */
	};
	rootObject = 014B96B125CC556800405200 /* Project object */;
}
